
Microsoft Visual Studio Solution File, Format Version 12.00
# Visual Studio Version 16
VisualStudioVersion = 16.0.30709.132
MinimumVisualStudioVersion = 10.0.40219.1
Project("{8BC9CEB8-8B4A-11D0-8D11-00A0C91BC942}") = "JamellaD2E", "JamellaD2E\JamellaD2E.vcxproj", "{B7C1C193-0816-4760-8DBA-958B9C9346B5}"
EndProject
Global
	GlobalSection(SolutionConfigurationPlatforms) = preSolution
		Debug|x64 = Debug|x64
		Debug|x86 = Debug|x86
		Release|x64 = Release|x64
		Release|x86 = Release|x86
	EndGlobalSection
	GlobalSection(ProjectConfigurationPlatforms) = postSolution
		{B7C1C193-0816-4760-8DBA-958B9C9346B5}.Debug|x64.ActiveCfg = Debug|x64
		{B7C1C193-0816-4760-8DBA-958B9C9346B5}.Debug|x64.Build.0 = Debug|x64
		{B7C1C193-0816-4760-8DBA-958B9C9346B5}.Debug|x86.ActiveCfg = Debug|Win32
		{B7C1C193-0816-4760-8DBA-958B9C9346B5}.Debug|x86.Build.0 = Debug|Win32
		{B7C1C193-0816-4760-8DBA-958B9C9346B5}.Release|x64.ActiveCfg = Release|x64
		{B7C1C193-0816-4760-8DBA-958B9C9346B5}.Release|x64.Build.0 = Release|x64
		{B7C1C193-0816-4760-8DBA-958B9C9346B5}.Release|x86.ActiveCfg = Release|Win32
		{B7C1C193-0816-4760-8DBA-958B9C9346B5}.Release|x86.Build.0 = Release|Win32
	EndGlobalSection
	GlobalSection(SolutionProperties) = preSolution
		HideSolutionNode = FALSE
	EndGlobalSection
	GlobalSection(ExtensibilityGlobals) = postSolution
		SolutionGuid = {F03A3923-2BC5-4531-804D-C5097A087181}
	EndGlobalSection
EndGlobal
