<?xml version="1.0" encoding="utf-8"?>
<Project ToolsVersion="4.0" xmlns="http://schemas.microsoft.com/developer/msbuild/2003">
  <ItemGroup>
    <Filter Include="Source Files">
      <UniqueIdentifier>{4FC737F1-C7A5-4376-A066-2A32D752A2FF}</UniqueIdentifier>
      <Extensions>cpp;c;cc;cxx;c++;cppm;ixx;def;odl;idl;hpj;bat;asm;asmx</Extensions>
    </Filter>
    <Filter Include="Header Files">
      <UniqueIdentifier>{93995380-89BD-4b04-88EB-625FBE52EBFB}</UniqueIdentifier>
      <Extensions>h;hh;hpp;hxx;h++;hm;inl;inc;ipp;xsd</Extensions>
    </Filter>
    <Filter Include="Resource Files">
      <UniqueIdentifier>{67DA6AB6-F800-4c08-8B7A-83BB121AAD01}</UniqueIdentifier>
      <Extensions>rc;ico;cur;bmp;dlg;rc2;rct;bin;rgs;gif;jpg;jpeg;jpe;resx;tiff;tif;png;wav;mfcribbon-ms</Extensions>
    </Filter>
  </ItemGroup>
  <ItemGroup>
    <ClInclude Include="framework.h">
      <Filter>Header Files</Filter>
    </ClInclude>
    <ClInclude Include="targetver.h">
      <Filter>Header Files</Filter>
    </ClInclude>
    <ClInclude Include="Resource.h">
      <Filter>Header Files</Filter>
    </ClInclude>
    <ClInclude Include="JamellaD2E.h">
      <Filter>Header Files</Filter>
    </ClInclude>
    <ClInclude Include="ResourceIDs.h">
      <Filter>Header Files</Filter>
    </ClInclude>
  </ItemGroup>
  <ItemGroup>
    <ClCompile Include="JamellaD2E.cpp">
      <Filter>Source Files</Filter>
    </ClCompile>
    <ClCompile Include="CommandLine.cpp">
      <Filter>Source Files</Filter>
    </ClCompile>
    <ClCompile Include="CowLevel.cpp">
      <Filter>Source Files</Filter>
    </ClCompile>
    <ClCompile Include="CreateItem.cpp">
      <Filter>Source Files</Filter>
    </ClCompile>
    <ClCompile Include="D2Random.cpp">
      <Filter>Source Files</Filter>
    </ClCompile>
    <ClCompile Include="DataTables.cpp">
      <Filter>Source Files</Filter>
    </ClCompile>
    <ClCompile Include="FileClass.cpp">
      <Filter>Source Files</Filter>
    </ClCompile>
    <ClCompile Include="GemInfo.cpp">
      <Filter>Source Files</Filter>
    </ClCompile>
    <ClCompile Include="HelpBox.cpp">
      <Filter>Source Files</Filter>
    </ClCompile>
    <ClCompile Include="InfoBox.cpp">
      <Filter>Source Files</Filter>
    </ClCompile>
    <ClCompile Include="InvGrids.cpp">
      <Filter>Source Files</Filter>
    </ClCompile>
    <ClCompile Include="Item.cpp">
      <Filter>Source Files</Filter>
    </ClCompile>
    <ClCompile Include="Item03.cpp">
      <Filter>Source Files</Filter>
    </ClCompile>
    <ClCompile Include="Item103Ear.cpp">
      <Filter>Source Files</Filter>
    </ClCompile>
    <ClCompile Include="Item104Ear.cpp">
      <Filter>Source Files</Filter>
    </ClCompile>
    <ClCompile Include="Item104Ex.cpp">
      <Filter>Source Files</Filter>
    </ClCompile>
    <ClCompile Include="Item104Sm.cpp">
      <Filter>Source Files</Filter>
    </ClCompile>
    <ClCompile Include="ItemInfo.cpp">
      <Filter>Source Files</Filter>
    </ClCompile>
    <ClCompile Include="ItemMg.cpp">
      <Filter>Source Files</Filter>
    </ClCompile>
    <ClCompile Include="ItemTree.cpp">
      <Filter>Source Files</Filter>
    </ClCompile>
    <ClCompile Include="MagicDecoder.cpp">
      <Filter>Source Files</Filter>
    </ClCompile>
    <ClCompile Include="MagicPreSuffix.cpp">
      <Filter>Source Files</Filter>
    </ClCompile>
    <ClCompile Include="MagicPreSuffixTree.cpp">
      <Filter>Source Files</Filter>
    </ClCompile>
    <ClCompile Include="MainDlg.cpp">
      <Filter>Source Files</Filter>
    </ClCompile>
    <ClCompile Include="Modifiers.cpp">
      <Filter>Source Files</Filter>
    </ClCompile>
    <ClCompile Include="NewBox.cpp">
      <Filter>Source Files</Filter>
    </ClCompile>
    <ClCompile Include="OptionsBox.cpp">
      <Filter>Source Files</Filter>
    </ClCompile>
    <ClCompile Include="RarePreSuffix.cpp">
      <Filter>Source Files</Filter>
    </ClCompile>
    <ClCompile Include="Registry.cpp">
      <Filter>Source Files</Filter>
    </ClCompile>
    <ClCompile Include="Resources.cpp">
      <Filter>Source Files</Filter>
    </ClCompile>
    <ClCompile Include="RingAmulets.cpp">
      <Filter>Source Files</Filter>
    </ClCompile>
    <ClCompile Include="SaveBoxcpp.cpp">
      <Filter>Source Files</Filter>
    </ClCompile>
    <ClCompile Include="SetItems.cpp">
      <Filter>Source Files</Filter>
    </ClCompile>
    <ClCompile Include="SuperiorItems.cpp">
      <Filter>Source Files</Filter>
    </ClCompile>
    <ClCompile Include="Tab0.cpp">
      <Filter>Source Files</Filter>
    </ClCompile>
    <ClCompile Include="Tab2.cpp">
      <Filter>Source Files</Filter>
    </ClCompile>
    <ClCompile Include="Tab2E.cpp">
      <Filter>Source Files</Filter>
    </ClCompile>
    <ClCompile Include="Tab2Gems.cpp">
      <Filter>Source Files</Filter>
    </ClCompile>
    <ClCompile Include="Tab2ItemFileLoadSave.cpp">
      <Filter>Source Files</Filter>
    </ClCompile>
    <ClCompile Include="Tab2Magic.cpp">
      <Filter>Source Files</Filter>
    </ClCompile>
    <ClCompile Include="Tab2ItemList.cpp">
      <Filter>Source Files</Filter>
    </ClCompile>
    <ClCompile Include="Tab2Random.cpp">
      <Filter>Source Files</Filter>
    </ClCompile>
    <ClCompile Include="Tab2Rare.cpp">
      <Filter>Source Files</Filter>
    </ClCompile>
    <ClCompile Include="Tab2Search.cpp">
      <Filter>Source Files</Filter>
    </ClCompile>
    <ClCompile Include="Tab3.cpp">
      <Filter>Source Files</Filter>
    </ClCompile>
    <ClCompile Include="Tab4.cpp">
      <Filter>Source Files</Filter>
    </ClCompile>
    <ClCompile Include="Tab5.cpp">
      <Filter>Source Files</Filter>
    </ClCompile>
    <ClCompile Include="TextSummary.cpp">
      <Filter>Source Files</Filter>
    </ClCompile>
    <ClCompile Include="ToolTips.cpp">
      <Filter>Source Files</Filter>
    </ClCompile>
    <ClCompile Include="UniqueItems.cpp">
      <Filter>Source Files</Filter>
    </ClCompile>
    <ClCompile Include="WinMain.cpp">
      <Filter>Source Files</Filter>
    </ClCompile>
  </ItemGroup>
  <ItemGroup>
    <ResourceCompile Include="JamellaD2E.rc">
      <Filter>Resource Files</Filter>
    </ResourceCompile>
  </ItemGroup>
  <ItemGroup>
    <Image Include="small.ico">
      <Filter>Resource Files</Filter>
    </Image>
    <Image Include="JamellaD2E.ico">
      <Filter>Resource Files</Filter>
    </Image>
  </ItemGroup>
</Project>